
Microsoft Visual Studio Solution File, Format Version 12.00
# Visual Studio Version 17
VisualStudioVersion = 17.0.32112.339
MinimumVisualStudioVersion = 10.0.40219.1
Project("{9A19103F-16F7-4668-BE54-9A1E7A4F7556}") = "SolidMatrix.Poker.Texas", "solid-matrix-poker-texas\SolidMatrix.Poker.Texas.csproj", "{2D9ABF6E-3562-4101-A69D-BECB13D5CF9A}"
EndProject
Project("{FAE04EC0-301F-11D3-BF4B-00C04F79EFBC}") = "SolidMatrix.Poker.Xiaojiu", "solid-matrix-poker-xiaojiu\SolidMatrix.Poker.Xiaojiu.csproj", "{57FD9194-D5F5-4BB4-A5CE-0FEDE080E172}"
EndProject
Project("{FAE04EC0-301F-11D3-BF4B-00C04F79EFBC}") = "SolidMatrix.Poker.Core", "solid-matrix-poker-core\SolidMatrix.Poker.Core.csproj", "{36BACFC5-1E2E-4210-AF35-1248C0CE9E80}"
EndProject
Global
	GlobalSection(SolutionConfigurationPlatforms) = preSolution
		Debug|Any CPU = Debug|Any CPU
		Release|Any CPU = Release|Any CPU
	EndGlobalSection
	GlobalSection(ProjectConfigurationPlatforms) = postSolution
		{2D9ABF6E-3562-4101-A69D-BECB13D5CF9A}.Debug|Any CPU.ActiveCfg = Debug|Any CPU
		{2D9ABF6E-3562-4101-A69D-BECB13D5CF9A}.Debug|Any CPU.Build.0 = Debug|Any CPU
		{2D9ABF6E-3562-4101-A69D-BECB13D5CF9A}.Release|Any CPU.ActiveCfg = Release|Any CPU
		{2D9ABF6E-3562-4101-A69D-BECB13D5CF9A}.Release|Any CPU.Build.0 = Release|Any CPU
		{57FD9194-D5F5-4BB4-A5CE-0FEDE080E172}.Debug|Any CPU.ActiveCfg = Debug|Any CPU
		{57FD9194-D5F5-4BB4-A5CE-0FEDE080E172}.Debug|Any CPU.Build.0 = Debug|Any CPU
		{57FD9194-D5F5-4BB4-A5CE-0FEDE080E172}.Release|Any CPU.ActiveCfg = Release|Any CPU
		{57FD9194-D5F5-4BB4-A5CE-0FEDE080E172}.Release|Any CPU.Build.0 = Release|Any CPU
		{36BACFC5-1E2E-4210-AF35-1248C0CE9E80}.Debug|Any CPU.ActiveCfg = Debug|Any CPU
		{36BACFC5-1E2E-4210-AF35-1248C0CE9E80}.Debug|Any CPU.Build.0 = Debug|Any CPU
		{36BACFC5-1E2E-4210-AF35-1248C0CE9E80}.Release|Any CPU.ActiveCfg = Release|Any CPU
		{36BACFC5-1E2E-4210-AF35-1248C0CE9E80}.Release|Any CPU.Build.0 = Release|Any CPU
	EndGlobalSection
	GlobalSection(SolutionProperties) = preSolution
		HideSolutionNode = FALSE
	EndGlobalSection
	GlobalSection(ExtensibilityGlobals) = postSolution
		SolutionGuid = {9ACB2AE5-7EB5-4BB0-9803-77760BCC0FE9}
	EndGlobalSection
EndGlobal
